
Microsoft Visual Studio Solution File, Format Version 12.00
# Visual Studio Version 16
VisualStudioVersion = 16.0.33214.272
MinimumVisualStudioVersion = 10.0.40219.1
Project("{FAE04EC0-301F-11D3-BF4B-00C04F79EFBC}") = "InteresCompuesto", "InteresCompuesto\InteresCompuesto.csproj", "{6298ADA2-3BF8-46DE-9B24-E795BD4EFCFF}"
EndProject
Global
	GlobalSection(SolutionConfigurationPlatforms) = preSolution
		Debug|Any CPU = Debug|Any CPU
		Release|Any CPU = Release|Any CPU
	EndGlobalSection
	GlobalSection(ProjectConfigurationPlatforms) = postSolution
		{6298ADA2-3BF8-46DE-9B24-E795BD4EFCFF}.Debug|Any CPU.ActiveCfg = Debug|Any CPU
		{6298ADA2-3BF8-46DE-9B24-E795BD4EFCFF}.Debug|Any CPU.Build.0 = Debug|Any CPU
		{6298ADA2-3BF8-46DE-9B24-E795BD4EFCFF}.Release|Any CPU.ActiveCfg = Release|Any CPU
		{6298ADA2-3BF8-46DE-9B24-E795BD4EFCFF}.Release|Any CPU.Build.0 = Release|Any CPU
	EndGlobalSection
	GlobalSection(SolutionProperties) = preSolution
		HideSolutionNode = FALSE
	EndGlobalSection
	GlobalSection(ExtensibilityGlobals) = postSolution
		SolutionGuid = {10C38BFB-E52D-4ED5-AA21-42B47A0D7662}
	EndGlobalSection
EndGlobal
